{
  "name": "precommit-demo",
  "version": "1.0.0",
  "lockfileVersion": 3,
  "requires": true,
  "packages": {
    "": {
      "name": "precommit-demo",
      "version": "1.0.0",
      "license": "ISC",
      "dependencies": {
        "lodash": "4.17.4",
        "tinymce": "^4.1.0"
      }
    },
    "node_modules/lodash": {
      "version": "4.17.4",
      "resolved": "https://registry.npmjs.org/lodash/-/lodash-4.17.4.tgz",
      "integrity": "sha512-6X37Sq9KCpLSXEh8uM12AKYlviHPNNk4RxiGBn4cmKGJinbXBneWIV7iE/nXkM928O7ytHcHb6+X6Svl0f4hXg==",
      "license": "MIT"
    },
    "node_modules/tinymce": {
      "version": "4.1.0",
      "resolved": "https://registry.npmjs.org/tinymce/-/tinymce-4.1.0.tgz",
      "integrity": "sha512-DDxC+VYnkU0/lUmc3aEeSDGMyoGoZMruQTs3wDkNHnLDr+/g1Y6wxDo9VlflVKq3hdHLNj+uFwiqkDwX/sNyZQ==",
      "license": "LGPL-2.1"
    }
  }
}
